// !$*UTF8*$!
{
	archiveVersion = 1;
	classes = {
	};
	objectVersion = 46;
	objects = {

/* Begin PBXBuildFile section */
		B7052DB41F85D10D00EFEB2C /* AppDelegate.swift in Sources */ = {isa = PBXBuildFile; fileRef = B7052DB31F85D10D00EFEB2C /* AppDelegate.swift */; };
		B7052DB61F85D10D00EFEB2C /* ViewController.swift in Sources */ = {isa = PBXBuildFile; fileRef = B7052DB51F85D10D00EFEB2C /* ViewController.swift */; };
		B7052DB91F85D10D00EFEB2C /* Main.storyboard in Resources */ = {isa = PBXBuildFile; fileRef = B7052DB71F85D10D00EFEB2C /* Main.storyboard */; };
		B7052DBB1F85D10D00EFEB2C /* Assets.xcassets in Resources */ = {isa = PBXBuildFile; fileRef = B7052DBA1F85D10D00EFEB2C /* Assets.xcassets */; };
		B7052DBE1F85D10D00EFEB2C /* LaunchScreen.storyboard in Resources */ = {isa = PBXBuildFile; fileRef = B7052DBC1F85D10D00EFEB2C /* LaunchScreen.storyboard */; };
		B7052DC91F85D10D00EFEB2C /* CanvasTests.swift in Sources */ = {isa = PBXBuildFile; fileRef = B7052DC81F85D10D00EFEB2C /* CanvasTests.swift */; };
/* End PBXBuildFile section */

/* Begin PBXContainerItemProxy section */
		B7052DC51F85D10D00EFEB2C /* PBXContainerItemProxy */ = {
			isa = PBXContainerItemProxy;
			containerPortal = B7052DA81F85D10D00EFEB2C /* Project object */;
			proxyType = 1;
			remoteGlobalIDString = B7052DAF1F85D10D00EFEB2C;
			remoteInfo = Canvas;
		};
/* End PBXContainerItemProxy section */

/* Begin PBXFileReference section */
		B7052DB01F85D10D00EFEB2C /* Canvas.app */ = {isa = PBXFileReference; explicitFileType = wrapper.application; includeInIndex = 0; path = Canvas.app; sourceTree = BUILT_PRODUCTS_DIR; };
		B7052DB31F85D10D00EFEB2C /* AppDelegate.swift */ = {isa = PBXFileReference; lastKnownFileType = sourcecode.swift; path = AppDelegate.swift; sourceTree = "<group>"; };
		B7052DB51F85D10D00EFEB2C /* ViewController.swift */ = {isa = PBXFileReference; lastKnownFileType = sourcecode.swift; path = ViewController.swift; sourceTree = "<group>"; };
		B7052DB81F85D10D00EFEB2C /* Base */ = {isa = PBXFileReference; lastKnownFileType = file.storyboard; name = Base; path = Base.lproj/Main.storyboard; sourceTree = "<group>"; };
		B7052DBA1F85D10D00EFEB2C /* Assets.xcassets */ = {isa = PBXFileReference; lastKnownFileType = folder.assetcatalog; path = Assets.xcassets; sourceTree = "<group>"; };
		B7052DBD1F85D10D00EFEB2C /* Base */ = {isa = PBXFileReference; lastKnownFileType = file.storyboard; name = Base; path = Base.lproj/LaunchScreen.storyboard; sourceTree = "<group>"; };
		B7052DBF1F85D10D00EFEB2C /* Info.plist */ = {isa = PBXFileReference; lastKnownFileType = text.plist.xml; path = Info.plist; sourceTree = "<group>"; };
		B7052DC41F85D10D00EFEB2C /* CanvasTests.xctest */ = {isa = PBXFileReference; explicitFileType = wrapper.cfbundle; includeInIndex = 0; path = CanvasTests.xctest; sourceTree = BUILT_PRODUCTS_DIR; };
		B7052DC81F85D10D00EFEB2C /* CanvasTests.swift */ = {isa = PBXFileReference; lastKnownFileType = sourcecode.swift; path = CanvasTests.swift; sourceTree = "<group>"; };
		B7052DCA1F85D10D00EFEB2C /* Info.plist */ = {isa = PBXFileReference; lastKnownFileType = text.plist.xml; path = Info.plist; sourceTree = "<group>"; };
/* End PBXFileReference section */

/* Begin PBXFrameworksBuildPhase section */
		B7052DAD1F85D10D00EFEB2C /* Frameworks */ = {
			isa = PBXFrameworksBuildPhase;
			buildActionMask = 2147483647;
			files = (
			);
			runOnlyForDeploymentPostprocessing = 0;
		};
		B7052DC11F85D10D00EFEB2C /* Frameworks */ = {
			isa = PBXFrameworksBuildPhase;
			buildActionMask = 2147483647;
			files = (
			);
			runOnlyForDeploymentPostprocessing = 0;
		};
/* End PBXFrameworksBuildPhase section */

/* Begin PBXGroup section */
		B7052DA71F85D10D00EFEB2C = {
			isa = PBXGroup;
			children = (
				B7052DB21F85D10D00EFEB2C /* Canvas */,
				B7052DC71F85D10D00EFEB2C /* CanvasTests */,
				B7052DB11F85D10D00EFEB2C /* Products */,
			);
			sourceTree = "<group>";
		};
		B7052DB11F85D10D00EFEB2C /* Products */ = {
			isa = PBXGroup;
			children = (
				B7052DB01F85D10D00EFEB2C /* Canvas.app */,
				B7052DC41F85D10D00EFEB2C /* CanvasTests.xctest */,
			);
			name = Products;
			sourceTree = "<group>";
		};
		B7052DB21F85D10D00EFEB2C /* Canvas */ = {
			isa = PBXGroup;
			children = (
				B7052DB31F85D10D00EFEB2C /* AppDelegate.swift */,
				B7052DB51F85D10D00EFEB2C /* ViewController.swift */,
				B7052DB71F85D10D00EFEB2C /* Main.storyboard */,
				B7052DBA1F85D10D00EFEB2C /* Assets.xcassets */,
				B7052DBC1F85D10D00EFEB2C /* LaunchScreen.storyboard */,
				B7052DBF1F85D10D00EFEB2C /* Info.plist */,
			);
			path = Canvas;
			sourceTree = "<group>";
		};
		B7052DC71F85D10D00EFEB2C /* CanvasTests */ = {
			isa = PBXGroup;
			children = (
				B7052DC81F85D10D00EFEB2C /* CanvasTests.swift */,
				B7052DCA1F85D10D00EFEB2C /* Info.plist */,
			);
			path = CanvasTests;
			sourceTree = "<group>";
		};
/* End PBXGroup section */

/* Begin PBXNativeTarget section */
		B7052DAF1F85D10D00EFEB2C /* Canvas */ = {
			isa = PBXNativeTarget;
			buildConfigurationList = B7052DCD1F85D10D00EFEB2C /* Build configuration list for PBXNativeTarget "Canvas" */;
			buildPhases = (
				B7052DAC1F85D10D00EFEB2C /* Sources */,
				B7052DAD1F85D10D00EFEB2C /* Frameworks */,
				B7052DAE1F85D10D00EFEB2C /* Resources */,
			);
			buildRules = (
			);
			dependencies = (
			);
			name = Canvas;
			productName = Canvas;
			productReference = B7052DB01F85D10D00EFEB2C /* Canvas.app */;
			productType = "com.apple.product-type.application";
		};
		B7052DC31F85D10D00EFEB2C /* CanvasTests */ = {
			isa = PBXNativeTarget;
			buildConfigurationList = B7052DD01F85D10D00EFEB2C /* Build configuration list for PBXNativeTarget "CanvasTests" */;
			buildPhases = (
				B7052DC01F85D10D00EFEB2C /* Sources */,
				B7052DC11F85D10D00EFEB2C /* Frameworks */,
				B7052DC21F85D10D00EFEB2C /* Resources */,
			);
			buildRules = (
			);
			dependencies = (
				B7052DC61F85D10D00EFEB2C /* PBXTargetDependency */,
			);
			name = CanvasTests;
			productName = CanvasTests;
			productReference = B7052DC41F85D10D00EFEB2C /* CanvasTests.xctest */;
			productType = "com.apple.product-type.bundle.unit-test";
		};
/* End PBXNativeTarget section */

/* Begin PBXProject section */
		B7052DA81F85D10D00EFEB2C /* Project object */ = {
			isa = PBXProject;
			attributes = {
				LastSwiftUpdateCheck = 0830;
				LastUpgradeCheck = 0830;
				ORGANIZATIONNAME = "Raina Wang";
				TargetAttributes = {
					B7052DAF1F85D10D00EFEB2C = {
						CreatedOnToolsVersion = 8.3.3;
						ProvisioningStyle = Automatic;
					};
					B7052DC31F85D10D00EFEB2C = {
						CreatedOnToolsVersion = 8.3.3;
						ProvisioningStyle = Automatic;
						TestTargetID = B7052DAF1F85D10D00EFEB2C;
					};
				};
			};
			buildConfigurationList = B7052DAB1F85D10D00EFEB2C /* Build configuration list for PBXProject "Canvas" */;
			compatibilityVersion = "Xcode 3.2";
			developmentRegion = English;
			hasScannedForEncodings = 0;
			knownRegions = (
				en,
				Base,
			);
			mainGroup = B7052DA71F85D10D00EFEB2C;
			productRefGroup = B7052DB11F85D10D00EFEB2C /* Products */;
			projectDirPath = "";
			projectRoot = "";
			targets = (
				B7052DAF1F85D10D00EFEB2C /* Canvas */,
				B7052DC31F85D10D00EFEB2C /* CanvasTests */,
			);
		};
/* End PBXProject section */

/* Begin PBXResourcesBuildPhase section */
		B7052DAE1F85D10D00EFEB2C /* Resources */ = {
			isa = PBXResourcesBuildPhase;
			buildActionMask = 2147483647;
			files = (
				B7052DBE1F85D10D00EFEB2C /* LaunchScreen.storyboard in Resources */,
				B7052DBB1F85D10D00EFEB2C /* Assets.xcassets in Resources */,
				B7052DB91F85D10D00EFEB2C /* Main.storyboard in Resources */,
			);
			runOnlyForDeploymentPostprocessing = 0;
		};
		B7052DC21F85D10D00EFEB2C /* Resources */ = {
			isa = PBXResourcesBuildPhase;
			buildActionMask = 2147483647;
			files = (
			);
			runOnlyForDeploymentPostprocessing = 0;
		};
/* End PBXResourcesBuildPhase section */

/* Begin PBXSourcesBuildPhase section */
		B7052DAC1F85D10D00EFEB2C /* Sources */ = {
			isa = PBXSourcesBuildPhase;
			buildActionMask = 2147483647;
			files = (
				B7052DB61F85D10D00EFEB2C /* ViewController.swift in Sources */,
				B7052DB41F85D10D00EFEB2C /* AppDelegate.swift in Sources */,
			);
			runOnlyForDeploymentPostprocessing = 0;
		};
		B7052DC01F85D10D00EFEB2C /* Sources */ = {
			isa = PBXSourcesBuildPhase;
			buildActionMask = 2147483647;
			files = (
				B7052DC91F85D10D00EFEB2C /* CanvasTests.swift in Sources */,
			);
			runOnlyForDeploymentPostprocessing = 0;
		};
/* End PBXSourcesBuildPhase section */

/* Begin PBXTargetDependency section */
		B7052DC61F85D10D00EFEB2C /* PBXTargetDependency */ = {
			isa = PBXTargetDependency;
			target = B7052DAF1F85D10D00EFEB2C /* Canvas */;
			targetProxy = B7052DC51F85D10D00EFEB2C /* PBXContainerItemProxy */;
		};
/* End PBXTargetDependency section */

/* Begin PBXVariantGroup section */
		B7052DB71F85D10D00EFEB2C /* Main.storyboard */ = {
			isa = PBXVariantGroup;
			children = (
				B7052DB81F85D10D00EFEB2C /* Base */,
			);
			name = Main.storyboard;
			sourceTree = "<group>";
		};
		B7052DBC1F85D10D00EFEB2C /* LaunchScreen.storyboard */ = {
			isa = PBXVariantGroup;
			children = (
				B7052DBD1F85D10D00EFEB2C /* Base */,
			);
			name = LaunchScreen.storyboard;
			sourceTree = "<group>";
		};
/* End PBXVariantGroup section */

/* Begin XCBuildConfiguration section */
		B7052DCB1F85D10D00EFEB2C /* Debug */ = {
			isa = XCBuildConfiguration;
			buildSettings = {
				ALWAYS_SEARCH_USER_PATHS = NO;
				CLANG_ANALYZER_NONNULL = YES;
				CLANG_ANALYZER_NUMBER_OBJECT_CONVERSION = YES_AGGRESSIVE;
				CLANG_CXX_LANGUAGE_STANDARD = "gnu++0x";
				CLANG_CXX_LIBRARY = "libc++";
				CLANG_ENABLE_MODULES = YES;
				CLANG_ENABLE_OBJC_ARC = YES;
				CLANG_WARN_BOOL_CONVERSION = YES;
				CLANG_WARN_CONSTANT_CONVERSION = YES;
				CLANG_WARN_DIRECT_OBJC_ISA_USAGE = YES_ERROR;
				CLANG_WARN_DOCUMENTATION_COMMENTS = YES;
				CLANG_WARN_EMPTY_BODY = YES;
				CLANG_WARN_ENUM_CONVERSION = YES;
				CLANG_WARN_INFINITE_RECURSION = YES;
				CLANG_WARN_INT_CONVERSION = YES;
				CLANG_WARN_OBJC_ROOT_CLASS = YES_ERROR;
				CLANG_WARN_SUSPICIOUS_MOVE = YES;
				CLANG_WARN_UNREACHABLE_CODE = YES;
				CLANG_WARN__DUPLICATE_METHOD_MATCH = YES;
				"CODE_SIGN_IDENTITY[sdk=iphoneos*]" = "iPhone Developer";
				COPY_PHASE_STRIP = NO;
				DEBUG_INFORMATION_FORMAT = dwarf;
				ENABLE_STRICT_OBJC_MSGSEND = YES;
				ENABLE_TESTABILITY = YES;
				GCC_C_LANGUAGE_STANDARD = gnu99;
				GCC_DYNAMIC_NO_PIC = NO;
				GCC_NO_COMMON_BLOCKS = YES;
				GCC_OPTIMIZATION_LEVEL = 0;
				GCC_PREPROCESSOR_DEFINITIONS = (
					"DEBUG=1",
					"$(inherited)",
				);
				GCC_WARN_64_TO_32_BIT_CONVERSION = YES;
				GCC_WARN_ABOUT_RETURN_TYPE = YES_ERROR;
				GCC_WARN_UNDECLARED_SELECTOR = YES;
				GCC_WARN_UNINITIALIZED_AUTOS = YES_AGGRESSIVE;
				GCC_WARN_UNUSED_FUNCTION = YES;
				GCC_WARN_UNUSED_VARIABLE = YES;
				IPHONEOS_DEPLOYMENT_TARGET = 10.3;
				MTL_ENABLE_DEBUG_INFO = YES;
				ONLY_ACTIVE_ARCH = YES;
				SDKROOT = iphoneos;
				SWIFT_ACTIVE_COMPILATION_CONDITIONS = DEBUG;
				SWIFT_OPTIMIZATION_LEVEL = "-Onone";
			};
			name = Debug;
		};
		B7052DCC1F85D10D00EFEB2C /* Release */ = {
			isa = XCBuildConfiguration;
			buildSettings = {
				ALWAYS_SEARCH_USER_PATHS = NO;
				CLANG_ANALYZER_NONNULL = YES;
				CLANG_ANALYZER_NUMBER_OBJECT_CONVERSION = YES_AGGRESSIVE;
				CLANG_CXX_LANGUAGE_STANDARD = "gnu++0x";
				CLANG_CXX_LIBRARY = "libc++";
				CLANG_ENABLE_MODULES = YES;
				CLANG_ENABLE_OBJC_ARC = YES;
				CLANG_WARN_BOOL_CONVERSION = YES;
				CLANG_WARN_CONSTANT_CONVERSION = YES;
				CLANG_WARN_DIRECT_OBJC_ISA_USAGE = YES_ERROR;
				CLANG_WARN_DOCUMENTATION_COMMENTS = YES;
				CLANG_WARN_EMPTY_BODY = YES;
				CLANG_WARN_ENUM_CONVERSION = YES;
				CLANG_WARN_INFINITE_RECURSION = YES;
				CLANG_WARN_INT_CONVERSION = YES;
				CLANG_WARN_OBJC_ROOT_CLASS = YES_ERROR;
				CLANG_WARN_SUSPICIOUS_MOVE = YES;
				CLANG_WARN_UNREACHABLE_CODE = YES;
				CLANG_WARN__DUPLICATE_METHOD_MATCH = YES;
				"CODE_SIGN_IDENTITY[sdk=iphoneos*]" = "iPhone Developer";
				COPY_PHASE_STRIP = NO;
				DEBUG_INFORMATION_FORMAT = "dwarf-with-dsym";
				ENABLE_NS_ASSERTIONS = NO;
				ENABLE_STRICT_OBJC_MSGSEND = YES;
				GCC_C_LANGUAGE_STANDARD = gnu99;
				GCC_NO_COMMON_BLOCKS = YES;
				GCC_WARN_64_TO_32_BIT_CONVERSION = YES;
				GCC_WARN_ABOUT_RETURN_TYPE = YES_ERROR;
				GCC_WARN_UNDECLARED_SELECTOR = YES;
				GCC_WARN_UNINITIALIZED_AUTOS = YES_AGGRESSIVE;
				GCC_WARN_UNUSED_FUNCTION = YES;
				GCC_WARN_UNUSED_VARIABLE = YES;
				IPHONEOS_DEPLOYMENT_TARGET = 10.3;
				MTL_ENABLE_DEBUG_INFO = NO;
				SDKROOT = iphoneos;
				SWIFT_OPTIMIZATION_LEVEL = "-Owholemodule";
				VALIDATE_PRODUCT = YES;
			};
			name = Release;
		};
		B7052DCE1F85D10D00EFEB2C /* Debug */ = {
			isa = XCBuildConfiguration;
			buildSettings = {
				ASSETCATALOG_COMPILER_APPICON_NAME = AppIcon;
				INFOPLIST_FILE = Canvas/Info.plist;
				LD_RUNPATH_SEARCH_PATHS = "$(inherited) @executable_path/Frameworks";
				PRODUCT_BUNDLE_IDENTIFIER = com.rainawang.Canvas;
				PRODUCT_NAME = "$(TARGET_NAME)";
				SWIFT_VERSION = 3.0;
			};
			name = Debug;
		};
		B7052DCF1F85D10D00EFEB2C /* Release */ = {
			isa = XCBuildConfiguration;
			buildSettings = {
				ASSETCATALOG_COMPILER_APPICON_NAME = AppIcon;
				INFOPLIST_FILE = Canvas/Info.plist;
				LD_RUNPATH_SEARCH_PATHS = "$(inherited) @executable_path/Frameworks";
				PRODUCT_BUNDLE_IDENTIFIER = com.rainawang.Canvas;
				PRODUCT_NAME = "$(TARGET_NAME)";
				SWIFT_VERSION = 3.0;
			};
			name = Release;
		};
		B7052DD11F85D10D00EFEB2C /* Debug */ = {
			isa = XCBuildConfiguration;
			buildSettings = {
				ALWAYS_EMBED_SWIFT_STANDARD_LIBRARIES = YES;
				BUNDLE_LOADER = "$(TEST_HOST)";
				INFOPLIST_FILE = CanvasTests/Info.plist;
				LD_RUNPATH_SEARCH_PATHS = "$(inherited) @executable_path/Frameworks @loader_path/Frameworks";
				PRODUCT_BUNDLE_IDENTIFIER = com.rainawang.CanvasTests;
				PRODUCT_NAME = "$(TARGET_NAME)";
				SWIFT_VERSION = 3.0;
				TEST_HOST = "$(BUILT_PRODUCTS_DIR)/Canvas.app/Canvas";
			};
			name = Debug;
		};
		B7052DD21F85D10D00EFEB2C /* Release */ = {
			isa = XCBuildConfiguration;
			buildSettings = {
				ALWAYS_EMBED_SWIFT_STANDARD_LIBRARIES = YES;
				BUNDLE_LOADER = "$(TEST_HOST)";
				INFOPLIST_FILE = CanvasTests/Info.plist;
				LD_RUNPATH_SEARCH_PATHS = "$(inherited) @executable_path/Frameworks @loader_path/Frameworks";
				PRODUCT_BUNDLE_IDENTIFIER = com.rainawang.CanvasTests;
				PRODUCT_NAME = "$(TARGET_NAME)";
				SWIFT_VERSION = 3.0;
				TEST_HOST = "$(BUILT_PRODUCTS_DIR)/Canvas.app/Canvas";
			};
			name = Release;
		};
/* End XCBuildConfiguration section */

/* Begin XCConfigurationList section */
		B7052DAB1F85D10D00EFEB2C /* Build configuration list for PBXProject "Canvas" */ = {
			isa = XCConfigurationList;
			buildConfigurations = (
				B7052DCB1F85D10D00EFEB2C /* Debug */,
				B7052DCC1F85D10D00EFEB2C /* Release */,
			);
			defaultConfigurationIsVisible = 0;
			defaultConfigurationName = Release;
		};
		B7052DCD1F85D10D00EFEB2C /* Build configuration list for PBXNativeTarget "Canvas" */ = {
			isa = XCConfigurationList;
			buildConfigurations = (
				B7052DCE1F85D10D00EFEB2C /* Debug */,
				B7052DCF1F85D10D00EFEB2C /* Release */,
			);
			defaultConfigurationIsVisible = 0;
		};
		B7052DD01F85D10D00EFEB2C /* Build configuration list for PBXNativeTarget "CanvasTests" */ = {
			isa = XCConfigurationList;
			buildConfigurations = (
				B7052DD11F85D10D00EFEB2C /* Debug */,
				B7052DD21F85D10D00EFEB2C /* Release */,
			);
			defaultConfigurationIsVisible = 0;
		};
/* End XCConfigurationList section */
	};
	rootObject = B7052DA81F85D10D00EFEB2C /* Project object */;
}
